PODS:
  - Expecta (0.2.3)
  - Nocilla (0.7.1)
  - Specta (0.2.1)

DEPENDENCIES:
  - Expecta
  - Nocilla
  - Specta

SPEC CHECKSUMS:
  Expecta: 578e0c29df79a96a159187599e2def686ef6a66c
  Nocilla: 6c8113dd752556a65081add5e159c660180f54cb
  Specta: 9141310f46b1f68b676650ff2854e1ed0b74163a

COCOAPODS: 0.33.0
